// !$*UTF8*$!
{
	archiveVersion = 1;
	classes = {
	};
	objectVersion = 55;
	objects = {

/* Begin PBXBuildFile section */
		A698BF51281114E50061C40A /* AppDelegate.m in Sources */ = {isa = PBXBuildFile; fileRef = A698BF50281114E50061C40A /* AppDelegate.m */; };
		A698BF54281114E50061C40A /* SceneDelegate.m in Sources */ = {isa = PBXBuildFile; fileRef = A698BF53281114E50061C40A /* SceneDelegate.m */; };
		A698BF57281114E50061C40A /* ViewController.m in Sources */ = {isa = PBXBuildFile; fileRef = A698BF56281114E50061C40A /* ViewController.m */; };
		A698BF5A281114E50061C40A /* Main.storyboard in Resources */ = {isa = PBXBuildFile; fileRef = A698BF58281114E50061C40A /* Main.storyboard */; };
		A698BF5C281114EA0061C40A /* Assets.xcassets in Resources */ = {isa = PBXBuildFile; fileRef = A698BF5B281114EA0061C40A /* Assets.xcassets */; };
		A698BF5F281114EA0061C40A /* LaunchScreen.storyboard in Resources */ = {isa = PBXBuildFile; fileRef = A698BF5D281114EA0061C40A /* LaunchScreen.storyboard */; };
		A698BF62281114EA0061C40A /* main.m in Sources */ = {isa = PBXBuildFile; fileRef = A698BF61281114EA0061C40A /* main.m */; };
		A698BF782811161A0061C40A /* 8.jpg in Resources */ = {isa = PBXBuildFile; fileRef = A698BF692811161A0061C40A /* 8.jpg */; };
		A698BF792811161A0061C40A /* 7.jpg in Resources */ = {isa = PBXBuildFile; fileRef = A698BF6A2811161A0061C40A /* 7.jpg */; };
		A698BF7A2811161A0061C40A /* 13.jpg in Resources */ = {isa = PBXBuildFile; fileRef = A698BF6B2811161A0061C40A /* 13.jpg */; };
		A698BF7B2811161A0061C40A /* 14.jpg in Resources */ = {isa = PBXBuildFile; fileRef = A698BF6C2811161A0061C40A /* 14.jpg */; };
		A698BF7C2811161A0061C40A /* 6.jpg in Resources */ = {isa = PBXBuildFile; fileRef = A698BF6D2811161A0061C40A /* 6.jpg */; };
		A698BF7D2811161A0061C40A /* 15.jpg in Resources */ = {isa = PBXBuildFile; fileRef = A698BF6E2811161A0061C40A /* 15.jpg */; };
		A698BF7E2811161A0061C40A /* 2.jpg in Resources */ = {isa = PBXBuildFile; fileRef = A698BF6F2811161A0061C40A /* 2.jpg */; };
		A698BF7F2811161A0061C40A /* 3.jpg in Resources */ = {isa = PBXBuildFile; fileRef = A698BF702811161A0061C40A /* 3.jpg */; };
		A698BF802811161A0061C40A /* 10.jpg in Resources */ = {isa = PBXBuildFile; fileRef = A698BF712811161A0061C40A /* 10.jpg */; };
		A698BF812811161A0061C40A /* 9.jpg in Resources */ = {isa = PBXBuildFile; fileRef = A698BF722811161A0061C40A /* 9.jpg */; };
		A698BF822811161A0061C40A /* 11.jpg in Resources */ = {isa = PBXBuildFile; fileRef = A698BF732811161A0061C40A /* 11.jpg */; };
		A698BF832811161A0061C40A /* 4.jpg in Resources */ = {isa = PBXBuildFile; fileRef = A698BF742811161A0061C40A /* 4.jpg */; };
		A698BF842811161A0061C40A /* 1.jpg in Resources */ = {isa = PBXBuildFile; fileRef = A698BF752811161A0061C40A /* 1.jpg */; };
		A698BF852811161A0061C40A /* 5.jpg in Resources */ = {isa = PBXBuildFile; fileRef = A698BF762811161A0061C40A /* 5.jpg */; };
		A698BF862811161A0061C40A /* 12.jpg in Resources */ = {isa = PBXBuildFile; fileRef = A698BF772811161A0061C40A /* 12.jpg */; };
/* End PBXBuildFile section */

/* Begin PBXFileReference section */
		A698BF4C281114E50061C40A /* DigitalFrameApp.app */ = {isa = PBXFileReference; explicitFileType = wrapper.application; includeInIndex = 0; path = DigitalFrameApp.app; sourceTree = BUILT_PRODUCTS_DIR; };
		A698BF4F281114E50061C40A /* AppDelegate.h */ = {isa = PBXFileReference; lastKnownFileType = sourcecode.c.h; path = AppDelegate.h; sourceTree = "<group>"; };
		A698BF50281114E50061C40A /* AppDelegate.m */ = {isa = PBXFileReference; lastKnownFileType = sourcecode.c.objc; path = AppDelegate.m; sourceTree = "<group>"; };
		A698BF52281114E50061C40A /* SceneDelegate.h */ = {isa = PBXFileReference; lastKnownFileType = sourcecode.c.h; path = SceneDelegate.h; sourceTree = "<group>"; };
		A698BF53281114E50061C40A /* SceneDelegate.m */ = {isa = PBXFileReference; lastKnownFileType = sourcecode.c.objc; path = SceneDelegate.m; sourceTree = "<group>"; };
		A698BF55281114E50061C40A /* ViewController.h */ = {isa = PBXFileReference; lastKnownFileType = sourcecode.c.h; path = ViewController.h; sourceTree = "<group>"; };
		A698BF56281114E50061C40A /* ViewController.m */ = {isa = PBXFileReference; lastKnownFileType = sourcecode.c.objc; path = ViewController.m; sourceTree = "<group>"; };
		A698BF59281114E50061C40A /* Base */ = {isa = PBXFileReference; lastKnownFileType = file.storyboard; name = Base; path = Base.lproj/Main.storyboard; sourceTree = "<group>"; };
		A698BF5B281114EA0061C40A /* Assets.xcassets */ = {isa = PBXFileReference; lastKnownFileType = folder.assetcatalog; path = Assets.xcassets; sourceTree = "<group>"; };
		A698BF5E281114EA0061C40A /* Base */ = {isa = PBXFileReference; lastKnownFileType = file.storyboard; name = Base; path = Base.lproj/LaunchScreen.storyboard; sourceTree = "<group>"; };
		A698BF60281114EA0061C40A /* Info.plist */ = {isa = PBXFileReference; lastKnownFileType = text.plist.xml; path = Info.plist; sourceTree = "<group>"; };
		A698BF61281114EA0061C40A /* main.m */ = {isa = PBXFileReference; lastKnownFileType = sourcecode.c.objc; path = main.m; sourceTree = "<group>"; };
		A698BF692811161A0061C40A /* 8.jpg */ = {isa = PBXFileReference; lastKnownFileType = image.jpeg; name = 8.jpg; path = "../../../../Downloads/Source/4-3. DigitalFrameImages/8.jpg"; sourceTree = "<group>"; };
		A698BF6A2811161A0061C40A /* 7.jpg */ = {isa = PBXFileReference; lastKnownFileType = image.jpeg; name = 7.jpg; path = "../../../../Downloads/Source/4-3. DigitalFrameImages/7.jpg"; sourceTree = "<group>"; };
		A698BF6B2811161A0061C40A /* 13.jpg */ = {isa = PBXFileReference; lastKnownFileType = image.jpeg; name = 13.jpg; path = "../../../../Downloads/Source/4-3. DigitalFrameImages/13.jpg"; sourceTree = "<group>"; };
		A698BF6C2811161A0061C40A /* 14.jpg */ = {isa = PBXFileReference; lastKnownFileType = image.jpeg; name = 14.jpg; path = "../../../../Downloads/Source/4-3. DigitalFrameImages/14.jpg"; sourceTree = "<group>"; };
		A698BF6D2811161A0061C40A /* 6.jpg */ = {isa = PBXFileReference; lastKnownFileType = image.jpeg; name = 6.jpg; path = "../../../../Downloads/Source/4-3. DigitalFrameImages/6.jpg"; sourceTree = "<group>"; };
		A698BF6E2811161A0061C40A /* 15.jpg */ = {isa = PBXFileReference; lastKnownFileType = image.jpeg; name = 15.jpg; path = "../../../../Downloads/Source/4-3. DigitalFrameImages/15.jpg"; sourceTree = "<group>"; };
		A698BF6F2811161A0061C40A /* 2.jpg */ = {isa = PBXFileReference; lastKnownFileType = image.jpeg; name = 2.jpg; path = "../../../../Downloads/Source/4-3. DigitalFrameImages/2.jpg"; sourceTree = "<group>"; };
		A698BF702811161A0061C40A /* 3.jpg */ = {isa = PBXFileReference; lastKnownFileType = image.jpeg; name = 3.jpg; path = "../../../../Downloads/Source/4-3. DigitalFrameImages/3.jpg"; sourceTree = "<group>"; };
		A698BF712811161A0061C40A /* 10.jpg */ = {isa = PBXFileReference; lastKnownFileType = image.jpeg; name = 10.jpg; path = "../../../../Downloads/Source/4-3. DigitalFrameImages/10.jpg"; sourceTree = "<group>"; };
		A698BF722811161A0061C40A /* 9.jpg */ = {isa = PBXFileReference; lastKnownFileType = image.jpeg; name = 9.jpg; path = "../../../../Downloads/Source/4-3. DigitalFrameImages/9.jpg"; sourceTree = "<group>"; };
		A698BF732811161A0061C40A /* 11.jpg */ = {isa = PBXFileReference; lastKnownFileType = image.jpeg; name = 11.jpg; path = "../../../../Downloads/Source/4-3. DigitalFrameImages/11.jpg"; sourceTree = "<group>"; };
		A698BF742811161A0061C40A /* 4.jpg */ = {isa = PBXFileReference; lastKnownFileType = image.jpeg; name = 4.jpg; path = "../../../../Downloads/Source/4-3. DigitalFrameImages/4.jpg"; sourceTree = "<group>"; };
		A698BF752811161A0061C40A /* 1.jpg */ = {isa = PBXFileReference; lastKnownFileType = image.jpeg; name = 1.jpg; path = "../../../../Downloads/Source/4-3. DigitalFrameImages/1.jpg"; sourceTree = "<group>"; };
		A698BF762811161A0061C40A /* 5.jpg */ = {isa = PBXFileReference; lastKnownFileType = image.jpeg; name = 5.jpg; path = "../../../../Downloads/Source/4-3. DigitalFrameImages/5.jpg"; sourceTree = "<group>"; };
		A698BF772811161A0061C40A /* 12.jpg */ = {isa = PBXFileReference; lastKnownFileType = image.jpeg; name = 12.jpg; path = "../../../../Downloads/Source/4-3. DigitalFrameImages/12.jpg"; sourceTree = "<group>"; };
/* End PBXFileReference section */

/* Begin PBXFrameworksBuildPhase section */
		A698BF49281114E50061C40A /* Frameworks */ = {
			isa = PBXFrameworksBuildPhase;
			buildActionMask = 2147483647;
			files = (
			);
			runOnlyForDeploymentPostprocessing = 0;
		};
/* End PBXFrameworksBuildPhase section */

/* Begin PBXGroup section */
		A698BF43281114E50061C40A = {
			isa = PBXGroup;
			children = (
				A698BF4E281114E50061C40A /* DigitalFrameApp */,
				A698BF4D281114E50061C40A /* Products */,
			);
			sourceTree = "<group>";
		};
		A698BF4D281114E50061C40A /* Products */ = {
			isa = PBXGroup;
			children = (
				A698BF4C281114E50061C40A /* DigitalFrameApp.app */,
			);
			name = Products;
			sourceTree = "<group>";
		};
		A698BF4E281114E50061C40A /* DigitalFrameApp */ = {
			isa = PBXGroup;
			children = (
				A698BF68281115430061C40A /* Resource */,
				A698BF4F281114E50061C40A /* AppDelegate.h */,
				A698BF50281114E50061C40A /* AppDelegate.m */,
				A698BF52281114E50061C40A /* SceneDelegate.h */,
				A698BF53281114E50061C40A /* SceneDelegate.m */,
				A698BF55281114E50061C40A /* ViewController.h */,
				A698BF56281114E50061C40A /* ViewController.m */,
				A698BF58281114E50061C40A /* Main.storyboard */,
				A698BF5B281114EA0061C40A /* Assets.xcassets */,
				A698BF5D281114EA0061C40A /* LaunchScreen.storyboard */,
				A698BF60281114EA0061C40A /* Info.plist */,
				A698BF61281114EA0061C40A /* main.m */,
			);
			path = DigitalFrameApp;
			sourceTree = "<group>";
		};
		A698BF68281115430061C40A /* Resource */ = {
			isa = PBXGroup;
			children = (
				A698BF752811161A0061C40A /* 1.jpg */,
				A698BF6F2811161A0061C40A /* 2.jpg */,
				A698BF702811161A0061C40A /* 3.jpg */,
				A698BF742811161A0061C40A /* 4.jpg */,
				A698BF762811161A0061C40A /* 5.jpg */,
				A698BF6D2811161A0061C40A /* 6.jpg */,
				A698BF6A2811161A0061C40A /* 7.jpg */,
				A698BF692811161A0061C40A /* 8.jpg */,
				A698BF722811161A0061C40A /* 9.jpg */,
				A698BF712811161A0061C40A /* 10.jpg */,
				A698BF732811161A0061C40A /* 11.jpg */,
				A698BF772811161A0061C40A /* 12.jpg */,
				A698BF6B2811161A0061C40A /* 13.jpg */,
				A698BF6C2811161A0061C40A /* 14.jpg */,
				A698BF6E2811161A0061C40A /* 15.jpg */,
			);
			path = Resource;
			sourceTree = "<group>";
		};
/* End PBXGroup section */

/* Begin PBXNativeTarget section */
		A698BF4B281114E50061C40A /* DigitalFrameApp */ = {
			isa = PBXNativeTarget;
			buildConfigurationList = A698BF65281114EA0061C40A /* Build configuration list for PBXNativeTarget "DigitalFrameApp" */;
			buildPhases = (
				A698BF48281114E50061C40A /* Sources */,
				A698BF49281114E50061C40A /* Frameworks */,
				A698BF4A281114E50061C40A /* Resources */,
			);
			buildRules = (
			);
			dependencies = (
			);
			name = DigitalFrameApp;
			productName = DigitalFrameApp;
			productReference = A698BF4C281114E50061C40A /* DigitalFrameApp.app */;
			productType = "com.apple.product-type.application";
		};
/* End PBXNativeTarget section */

/* Begin PBXProject section */
		A698BF44281114E50061C40A /* Project object */ = {
			isa = PBXProject;
			attributes = {
				BuildIndependentTargetsInParallel = 1;
				LastUpgradeCheck = 1330;
				TargetAttributes = {
					A698BF4B281114E50061C40A = {
						CreatedOnToolsVersion = 13.3;
					};
				};
			};
			buildConfigurationList = A698BF47281114E50061C40A /* Build configuration list for PBXProject "DigitalFrameApp" */;
			compatibilityVersion = "Xcode 13.0";
			developmentRegion = en;
			hasScannedForEncodings = 0;
			knownRegions = (
				en,
				Base,
			);
			mainGroup = A698BF43281114E50061C40A;
			productRefGroup = A698BF4D281114E50061C40A /* Products */;
			projectDirPath = "";
			projectRoot = "";
			targets = (
				A698BF4B281114E50061C40A /* DigitalFrameApp */,
			);
		};
/* End PBXProject section */

/* Begin PBXResourcesBuildPhase section */
		A698BF4A281114E50061C40A /* Resources */ = {
			isa = PBXResourcesBuildPhase;
			buildActionMask = 2147483647;
			files = (
				A698BF812811161A0061C40A /* 9.jpg in Resources */,
				A698BF7F2811161A0061C40A /* 3.jpg in Resources */,
				A698BF862811161A0061C40A /* 12.jpg in Resources */,
				A698BF782811161A0061C40A /* 8.jpg in Resources */,
				A698BF832811161A0061C40A /* 4.jpg in Resources */,
				A698BF7A2811161A0061C40A /* 13.jpg in Resources */,
				A698BF842811161A0061C40A /* 1.jpg in Resources */,
				A698BF7E2811161A0061C40A /* 2.jpg in Resources */,
				A698BF822811161A0061C40A /* 11.jpg in Resources */,
				A698BF852811161A0061C40A /* 5.jpg in Resources */,
				A698BF7C2811161A0061C40A /* 6.jpg in Resources */,
				A698BF5F281114EA0061C40A /* LaunchScreen.storyboard in Resources */,
				A698BF7B2811161A0061C40A /* 14.jpg in Resources */,
				A698BF792811161A0061C40A /* 7.jpg in Resources */,
				A698BF5C281114EA0061C40A /* Assets.xcassets in Resources */,
				A698BF5A281114E50061C40A /* Main.storyboard in Resources */,
				A698BF802811161A0061C40A /* 10.jpg in Resources */,
				A698BF7D2811161A0061C40A /* 15.jpg in Resources */,
			);
			runOnlyForDeploymentPostprocessing = 0;
		};
/* End PBXResourcesBuildPhase section */

/* Begin PBXSourcesBuildPhase section */
		A698BF48281114E50061C40A /* Sources */ = {
			isa = PBXSourcesBuildPhase;
			buildActionMask = 2147483647;
			files = (
				A698BF57281114E50061C40A /* ViewController.m in Sources */,
				A698BF51281114E50061C40A /* AppDelegate.m in Sources */,
				A698BF62281114EA0061C40A /* main.m in Sources */,
				A698BF54281114E50061C40A /* SceneDelegate.m in Sources */,
			);
			runOnlyForDeploymentPostprocessing = 0;
		};
/* End PBXSourcesBuildPhase section */

/* Begin PBXVariantGroup section */
		A698BF58281114E50061C40A /* Main.storyboard */ = {
			isa = PBXVariantGroup;
			children = (
				A698BF59281114E50061C40A /* Base */,
			);
			name = Main.storyboard;
			sourceTree = "<group>";
		};
		A698BF5D281114EA0061C40A /* LaunchScreen.storyboard */ = {
			isa = PBXVariantGroup;
			children = (
				A698BF5E281114EA0061C40A /* Base */,
			);
			name = LaunchScreen.storyboard;
			sourceTree = "<group>";
		};
/* End PBXVariantGroup section */

/* Begin XCBuildConfiguration section */
		A698BF63281114EA0061C40A /* Debug */ = {
			isa = XCBuildConfiguration;
			buildSettings = {
				ALWAYS_SEARCH_USER_PATHS = NO;
				CLANG_ANALYZER_NONNULL = YES;
				CLANG_ANALYZER_NUMBER_OBJECT_CONVERSION = YES_AGGRESSIVE;
				CLANG_CXX_LANGUAGE_STANDARD = "gnu++17";
				CLANG_ENABLE_MODULES = YES;
				CLANG_ENABLE_OBJC_ARC = YES;
				CLANG_ENABLE_OBJC_WEAK = YES;
				CLANG_WARN_BLOCK_CAPTURE_AUTORELEASING = YES;
				CLANG_WARN_BOOL_CONVERSION = YES;
				CLANG_WARN_COMMA = YES;
				CLANG_WARN_CONSTANT_CONVERSION = YES;
				CLANG_WARN_DEPRECATED_OBJC_IMPLEMENTATIONS = YES;
				CLANG_WARN_DIRECT_OBJC_ISA_USAGE = YES_ERROR;
				CLANG_WARN_DOCUMENTATION_COMMENTS = YES;
				CLANG_WARN_EMPTY_BODY = YES;
				CLANG_WARN_ENUM_CONVERSION = YES;
				CLANG_WARN_INFINITE_RECURSION = YES;
				CLANG_WARN_INT_CONVERSION = YES;
				CLANG_WARN_NON_LITERAL_NULL_CONVERSION = YES;
				CLANG_WARN_OBJC_IMPLICIT_RETAIN_SELF = YES;
				CLANG_WARN_OBJC_LITERAL_CONVERSION = YES;
				CLANG_WARN_OBJC_ROOT_CLASS = YES_ERROR;
				CLANG_WARN_QUOTED_INCLUDE_IN_FRAMEWORK_HEADER = YES;
				CLANG_WARN_RANGE_LOOP_ANALYSIS = YES;
				CLANG_WARN_STRICT_PROTOTYPES = YES;
				CLANG_WARN_SUSPICIOUS_MOVE = YES;
				CLANG_WARN_UNGUARDED_AVAILABILITY = YES_AGGRESSIVE;
				CLANG_WARN_UNREACHABLE_CODE = YES;
				CLANG_WARN__DUPLICATE_METHOD_MATCH = YES;
				COPY_PHASE_STRIP = NO;
				DEBUG_INFORMATION_FORMAT = dwarf;
				ENABLE_STRICT_OBJC_MSGSEND = YES;
				ENABLE_TESTABILITY = YES;
				GCC_C_LANGUAGE_STANDARD = gnu11;
				GCC_DYNAMIC_NO_PIC = NO;
				GCC_NO_COMMON_BLOCKS = YES;
				GCC_OPTIMIZATION_LEVEL = 0;
				GCC_PREPROCESSOR_DEFINITIONS = (
					"DEBUG=1",
					"$(inherited)",
				);
				GCC_WARN_64_TO_32_BIT_CONVERSION = YES;
				GCC_WARN_ABOUT_RETURN_TYPE = YES_ERROR;
				GCC_WARN_UNDECLARED_SELECTOR = YES;
				GCC_WARN_UNINITIALIZED_AUTOS = YES_AGGRESSIVE;
				GCC_WARN_UNUSED_FUNCTION = YES;
				GCC_WARN_UNUSED_VARIABLE = YES;
				IPHONEOS_DEPLOYMENT_TARGET = 15.3;
				MTL_ENABLE_DEBUG_INFO = INCLUDE_SOURCE;
				MTL_FAST_MATH = YES;
				ONLY_ACTIVE_ARCH = YES;
				SDKROOT = iphoneos;
			};
			name = Debug;
		};
		A698BF64281114EA0061C40A /* Release */ = {
			isa = XCBuildConfiguration;
			buildSettings = {
				ALWAYS_SEARCH_USER_PATHS = NO;
				CLANG_ANALYZER_NONNULL = YES;
				CLANG_ANALYZER_NUMBER_OBJECT_CONVERSION = YES_AGGRESSIVE;
				CLANG_CXX_LANGUAGE_STANDARD = "gnu++17";
				CLANG_ENABLE_MODULES = YES;
				CLANG_ENABLE_OBJC_ARC = YES;
				CLANG_ENABLE_OBJC_WEAK = YES;
				CLANG_WARN_BLOCK_CAPTURE_AUTORELEASING = YES;
				CLANG_WARN_BOOL_CONVERSION = YES;
				CLANG_WARN_COMMA = YES;
				CLANG_WARN_CONSTANT_CONVERSION = YES;
				CLANG_WARN_DEPRECATED_OBJC_IMPLEMENTATIONS = YES;
				CLANG_WARN_DIRECT_OBJC_ISA_USAGE = YES_ERROR;
				CLANG_WARN_DOCUMENTATION_COMMENTS = YES;
				CLANG_WARN_EMPTY_BODY = YES;
				CLANG_WARN_ENUM_CONVERSION = YES;
				CLANG_WARN_INFINITE_RECURSION = YES;
				CLANG_WARN_INT_CONVERSION = YES;
				CLANG_WARN_NON_LITERAL_NULL_CONVERSION = YES;
				CLANG_WARN_OBJC_IMPLICIT_RETAIN_SELF = YES;
				CLANG_WARN_OBJC_LITERAL_CONVERSION = YES;
				CLANG_WARN_OBJC_ROOT_CLASS = YES_ERROR;
				CLANG_WARN_QUOTED_INCLUDE_IN_FRAMEWORK_HEADER = YES;
				CLANG_WARN_RANGE_LOOP_ANALYSIS = YES;
				CLANG_WARN_STRICT_PROTOTYPES = YES;
				CLANG_WARN_SUSPICIOUS_MOVE = YES;
				CLANG_WARN_UNGUARDED_AVAILABILITY = YES_AGGRESSIVE;
				CLANG_WARN_UNREACHABLE_CODE = YES;
				CLANG_WARN__DUPLICATE_METHOD_MATCH = YES;
				COPY_PHASE_STRIP = NO;
				DEBUG_INFORMATION_FORMAT = "dwarf-with-dsym";
				ENABLE_NS_ASSERTIONS = NO;
				ENABLE_STRICT_OBJC_MSGSEND = YES;
				GCC_C_LANGUAGE_STANDARD = gnu11;
				GCC_NO_COMMON_BLOCKS = YES;
				GCC_WARN_64_TO_32_BIT_CONVERSION = YES;
				GCC_WARN_ABOUT_RETURN_TYPE = YES_ERROR;
				GCC_WARN_UNDECLARED_SELECTOR = YES;
				GCC_WARN_UNINITIALIZED_AUTOS = YES_AGGRESSIVE;
				GCC_WARN_UNUSED_FUNCTION = YES;
				GCC_WARN_UNUSED_VARIABLE = YES;
				IPHONEOS_DEPLOYMENT_TARGET = 15.3;
				MTL_ENABLE_DEBUG_INFO = NO;
				MTL_FAST_MATH = YES;
				SDKROOT = iphoneos;
				VALIDATE_PRODUCT = YES;
			};
			name = Release;
		};
		A698BF66281114EA0061C40A /* Debug */ = {
			isa = XCBuildConfiguration;
			buildSettings = {
				ASSETCATALOG_COMPILER_APPICON_NAME = AppIcon;
				ASSETCATALOG_COMPILER_GLOBAL_ACCENT_COLOR_NAME = AccentColor;
				CODE_SIGN_STYLE = Automatic;
				CURRENT_PROJECT_VERSION = 1;
				DEVELOPMENT_TEAM = 75W6SNJ45Q;
				GENERATE_INFOPLIST_FILE = YES;
				INFOPLIST_FILE = DigitalFrameApp/Info.plist;
				INFOPLIST_KEY_UIApplicationSupportsIndirectInputEvents = YES;
				INFOPLIST_KEY_UILaunchStoryboardName = LaunchScreen;
				INFOPLIST_KEY_UIMainStoryboardFile = Main;
				INFOPLIST_KEY_UISupportedInterfaceOrientations_iPad = "UIInterfaceOrientationPortrait UIInterfaceOrientationPortraitUpsideDown UIInterfaceOrientationLandscapeLeft UIInterfaceOrientationLandscapeRight";
				INFOPLIST_KEY_UISupportedInterfaceOrientations_iPhone = "UIInterfaceOrientationPortrait UIInterfaceOrientationLandscapeLeft UIInterfaceOrientationLandscapeRight";
				LD_RUNPATH_SEARCH_PATHS = (
					"$(inherited)",
					"@executable_path/Frameworks",
				);
				MARKETING_VERSION = 1.0;
				PRODUCT_BUNDLE_IDENTIFIER = com.beintech.hwlee.DigitalFrameApp;
				PRODUCT_NAME = "$(TARGET_NAME)";
				SWIFT_EMIT_LOC_STRINGS = YES;
				TARGETED_DEVICE_FAMILY = "1,2";
			};
			name = Debug;
		};
		A698BF67281114EA0061C40A /* Release */ = {
			isa = XCBuildConfiguration;
			buildSettings = {
				ASSETCATALOG_COMPILER_APPICON_NAME = AppIcon;
				ASSETCATALOG_COMPILER_GLOBAL_ACCENT_COLOR_NAME = AccentColor;
				CODE_SIGN_STYLE = Automatic;
				CURRENT_PROJECT_VERSION = 1;
				DEVELOPMENT_TEAM = 75W6SNJ45Q;
				GENERATE_INFOPLIST_FILE = YES;
				INFOPLIST_FILE = DigitalFrameApp/Info.plist;
				INFOPLIST_KEY_UIApplicationSupportsIndirectInputEvents = YES;
				INFOPLIST_KEY_UILaunchStoryboardName = LaunchScreen;
				INFOPLIST_KEY_UIMainStoryboardFile = Main;
				INFOPLIST_KEY_UISupportedInterfaceOrientations_iPad = "UIInterfaceOrientationPortrait UIInterfaceOrientationPortraitUpsideDown UIInterfaceOrientationLandscapeLeft UIInterfaceOrientationLandscapeRight";
				INFOPLIST_KEY_UISupportedInterfaceOrientations_iPhone = "UIInterfaceOrientationPortrait UIInterfaceOrientationLandscapeLeft UIInterfaceOrientationLandscapeRight";
				LD_RUNPATH_SEARCH_PATHS = (
					"$(inherited)",
					"@executable_path/Frameworks",
				);
				MARKETING_VERSION = 1.0;
				PRODUCT_BUNDLE_IDENTIFIER = com.beintech.hwlee.DigitalFrameApp;
				PRODUCT_NAME = "$(TARGET_NAME)";
				SWIFT_EMIT_LOC_STRINGS = YES;
				TARGETED_DEVICE_FAMILY = "1,2";
			};
			name = Release;
		};
/* End XCBuildConfiguration section */

/* Begin XCConfigurationList section */
		A698BF47281114E50061C40A /* Build configuration list for PBXProject "DigitalFrameApp" */ = {
			isa = XCConfigurationList;
			buildConfigurations = (
				A698BF63281114EA0061C40A /* Debug */,
				A698BF64281114EA0061C40A /* Release */,
			);
			defaultConfigurationIsVisible = 0;
			defaultConfigurationName = Release;
		};
		A698BF65281114EA0061C40A /* Build configuration list for PBXNativeTarget "DigitalFrameApp" */ = {
			isa = XCConfigurationList;
			buildConfigurations = (
				A698BF66281114EA0061C40A /* Debug */,
				A698BF67281114EA0061C40A /* Release */,
			);
			defaultConfigurationIsVisible = 0;
			defaultConfigurationName = Release;
		};
/* End XCConfigurationList section */
	};
	rootObject = A698BF44281114E50061C40A /* Project object */;
}
